
Microsoft Visual Studio Solution File, Format Version 12.00
# Visual Studio 15
VisualStudioVersion = 15.0.27130.2024
MinimumVisualStudioVersion = 10.0.40219.1
Project("{FAE04EC0-301F-11D3-BF4B-00C04F79EFBC}") = "Article.API", "Article.API\Article.API.csproj", "{87079AD4-4EB0-45FD-9779-57A8B5C7428D}"
EndProject
Global
	GlobalSection(SolutionConfigurationPlatforms) = preSolution
		Debug|Any CPU = Debug|Any CPU
		Release|Any CPU = Release|Any CPU
	EndGlobalSection
	GlobalSection(ProjectConfigurationPlatforms) = postSolution
		{87079AD4-4EB0-45FD-9779-57A8B5C7428D}.Debug|Any CPU.ActiveCfg = Debug|Any CPU
		{87079AD4-4EB0-45FD-9779-57A8B5C7428D}.Debug|Any CPU.Build.0 = Debug|Any CPU
		{87079AD4-4EB0-45FD-9779-57A8B5C7428D}.Release|Any CPU.ActiveCfg = Release|Any CPU
		{87079AD4-4EB0-45FD-9779-57A8B5C7428D}.Release|Any CPU.Build.0 = Release|Any CPU
	EndGlobalSection
	GlobalSection(SolutionProperties) = preSolution
		HideSolutionNode = FALSE
	EndGlobalSection
	GlobalSection(ExtensibilityGlobals) = postSolution
		SolutionGuid = {1E212C71-60F0-4300-AD20-55320E43C1BA}
	EndGlobalSection
EndGlobal
